
Microsoft Visual Studio Solution File, Format Version 12.00
# Visual Studio Version 17
VisualStudioVersion = 17.3.32804.467
MinimumVisualStudioVersion = 10.0.40219.1
Project("{E53339B2-1760-4266-BCC7-CA923CBCF16C}") = "docker-compose", "docker-compose.dcproj", "{702FE24D-2D60-4DFA-B67D-3571B85DE422}"
EndProject
Project("{9A19103F-16F7-4668-BE54-9A1E7A4F7556}") = "Orchestrator", "Orchestrator\Orchestrator.csproj", "{0A754887-537C-4477-B884-C59FE1A2E46D}"
EndProject
Project("{9A19103F-16F7-4668-BE54-9A1E7A4F7556}") = "ActivityWorker", "ActivityWorker\ActivityWorker.csproj", "{526C7037-A55E-447B-A1D2-574D46740729}"
EndProject
Project("{9A19103F-16F7-4668-BE54-9A1E7A4F7556}") = "OrchestratorContracts", "OrchestratorContracts\OrchestratorContracts.csproj", "{E17CE950-9557-4563-9D38-EEEB57A8F88E}"
EndProject
Project("{9A19103F-16F7-4668-BE54-9A1E7A4F7556}") = "E2eTests", "E2eTests\E2eTests.csproj", "{67B18641-6952-4F60-A6B7-9472F9E61C72}"
EndProject
Project("{2150E333-8FDC-42A3-9474-1A3956D46DE8}") = ".github", ".github", "{0F47A019-EFB9-436F-BFEA-42FCAF230EC4}"
	ProjectSection(SolutionItems) = preProject
		..\.github\dependabot.yml = ..\.github\dependabot.yml
	EndProjectSection
EndProject
Project("{2150E333-8FDC-42A3-9474-1A3956D46DE8}") = "workflows", "workflows", "{CB476771-3B9E-4C0A-B277-AEB0EA66FC36}"
	ProjectSection(SolutionItems) = preProject
		..\.github\workflows\build-test.yml = ..\.github\workflows\build-test.yml
		..\.github\workflows\codeql-analysis.yml = ..\.github\workflows\codeql-analysis.yml
	EndProjectSection
EndProject
Project("{FAE04EC0-301F-11D3-BF4B-00C04F79EFBC}") = "Orchestrator.UnitTests", "Orchestrator.UnitTests\Orchestrator.UnitTests.csproj", "{E0DCFAFF-5E89-44B5-8DA4-764D955E109A}"
EndProject
Global
	GlobalSection(SolutionConfigurationPlatforms) = preSolution
		Debug|Any CPU = Debug|Any CPU
		Release|Any CPU = Release|Any CPU
	EndGlobalSection
	GlobalSection(ProjectConfigurationPlatforms) = postSolution
		{702FE24D-2D60-4DFA-B67D-3571B85DE422}.Debug|Any CPU.ActiveCfg = Debug|Any CPU
		{702FE24D-2D60-4DFA-B67D-3571B85DE422}.Debug|Any CPU.Build.0 = Debug|Any CPU
		{702FE24D-2D60-4DFA-B67D-3571B85DE422}.Release|Any CPU.ActiveCfg = Release|Any CPU
		{702FE24D-2D60-4DFA-B67D-3571B85DE422}.Release|Any CPU.Build.0 = Release|Any CPU
		{0A754887-537C-4477-B884-C59FE1A2E46D}.Debug|Any CPU.ActiveCfg = Debug|Any CPU
		{0A754887-537C-4477-B884-C59FE1A2E46D}.Debug|Any CPU.Build.0 = Debug|Any CPU
		{0A754887-537C-4477-B884-C59FE1A2E46D}.Release|Any CPU.ActiveCfg = Release|Any CPU
		{0A754887-537C-4477-B884-C59FE1A2E46D}.Release|Any CPU.Build.0 = Release|Any CPU
		{526C7037-A55E-447B-A1D2-574D46740729}.Debug|Any CPU.ActiveCfg = Debug|Any CPU
		{526C7037-A55E-447B-A1D2-574D46740729}.Debug|Any CPU.Build.0 = Debug|Any CPU
		{526C7037-A55E-447B-A1D2-574D46740729}.Release|Any CPU.ActiveCfg = Release|Any CPU
		{526C7037-A55E-447B-A1D2-574D46740729}.Release|Any CPU.Build.0 = Release|Any CPU
		{E17CE950-9557-4563-9D38-EEEB57A8F88E}.Debug|Any CPU.ActiveCfg = Debug|Any CPU
		{E17CE950-9557-4563-9D38-EEEB57A8F88E}.Debug|Any CPU.Build.0 = Debug|Any CPU
		{E17CE950-9557-4563-9D38-EEEB57A8F88E}.Release|Any CPU.ActiveCfg = Release|Any CPU
		{E17CE950-9557-4563-9D38-EEEB57A8F88E}.Release|Any CPU.Build.0 = Release|Any CPU
		{67B18641-6952-4F60-A6B7-9472F9E61C72}.Debug|Any CPU.ActiveCfg = Debug|Any CPU
		{67B18641-6952-4F60-A6B7-9472F9E61C72}.Debug|Any CPU.Build.0 = Debug|Any CPU
		{67B18641-6952-4F60-A6B7-9472F9E61C72}.Release|Any CPU.ActiveCfg = Release|Any CPU
		{67B18641-6952-4F60-A6B7-9472F9E61C72}.Release|Any CPU.Build.0 = Release|Any CPU
		{E0DCFAFF-5E89-44B5-8DA4-764D955E109A}.Debug|Any CPU.ActiveCfg = Debug|Any CPU
		{E0DCFAFF-5E89-44B5-8DA4-764D955E109A}.Debug|Any CPU.Build.0 = Debug|Any CPU
		{E0DCFAFF-5E89-44B5-8DA4-764D955E109A}.Release|Any CPU.ActiveCfg = Release|Any CPU
		{E0DCFAFF-5E89-44B5-8DA4-764D955E109A}.Release|Any CPU.Build.0 = Release|Any CPU
	EndGlobalSection
	GlobalSection(SolutionProperties) = preSolution
		HideSolutionNode = FALSE
	EndGlobalSection
	GlobalSection(NestedProjects) = preSolution
		{CB476771-3B9E-4C0A-B277-AEB0EA66FC36} = {0F47A019-EFB9-436F-BFEA-42FCAF230EC4}
	EndGlobalSection
	GlobalSection(ExtensibilityGlobals) = postSolution
		SolutionGuid = {B361A49C-A5B6-4B74-ABDB-CEB019DAB9EE}
	EndGlobalSection
EndGlobal
